
Microsoft Visual Studio Solution File, Format Version 12.00
# Visual Studio 14
VisualStudioVersion = 14.0.23107.0
MinimumVisualStudioVersion = 10.0.40219.1
Project("{FAE04EC0-301F-11D3-BF4B-00C04F79EFBC}") = "Menu", "Menu\Menu.csproj", "{22DDDB74-8560-40C4-A760-CAB301FF0D40}"
EndProject
Project("{FAE04EC0-301F-11D3-BF4B-00C04F79EFBC}") = "ConsoleApplication1", "ConsoleApplication1\ConsoleApplication1.csproj", "{359AB2B2-E557-4885-8F6C-F26DBA4DD69F}"
EndProject
Global
	GlobalSection(SolutionConfigurationPlatforms) = preSolution
		Debug|Any CPU = Debug|Any CPU
		Release|Any CPU = Release|Any CPU
	EndGlobalSection
	GlobalSection(ProjectConfigurationPlatforms) = postSolution
		{22DDDB74-8560-40C4-A760-CAB301FF0D40}.Debug|Any CPU.ActiveCfg = Debug|Any CPU
		{22DDDB74-8560-40C4-A760-CAB301FF0D40}.Debug|Any CPU.Build.0 = Debug|Any CPU
		{22DDDB74-8560-40C4-A760-CAB301FF0D40}.Release|Any CPU.ActiveCfg = Release|Any CPU
		{22DDDB74-8560-40C4-A760-CAB301FF0D40}.Release|Any CPU.Build.0 = Release|Any CPU
		{359AB2B2-E557-4885-8F6C-F26DBA4DD69F}.Debug|Any CPU.ActiveCfg = Debug|Any CPU
		{359AB2B2-E557-4885-8F6C-F26DBA4DD69F}.Debug|Any CPU.Build.0 = Debug|Any CPU
		{359AB2B2-E557-4885-8F6C-F26DBA4DD69F}.Release|Any CPU.ActiveCfg = Release|Any CPU
		{359AB2B2-E557-4885-8F6C-F26DBA4DD69F}.Release|Any CPU.Build.0 = Release|Any CPU
	EndGlobalSection
	GlobalSection(SolutionProperties) = preSolution
		HideSolutionNode = FALSE
	EndGlobalSection
EndGlobal
